version = 1
revision = 3
requires-python = ">=3.9"

[[package]]
name = "robotframework"
version = "7.4.2"
source = { registry = "https://pypi.org/simple" }
sdist = { url = "https://files.pythonhosted.org/packages/19/f3/ad51daf85d95848831601851598640f951a47a9f9de88039235cf58c5bb9/robotframework-7.4.2.tar.gz", hash = "sha256:1c934e7f43600de407860cd2bd2fdc41adad4a4a785d8b46b1ed485fdc0f6c9f", size = 654405, upload-time = "2026-03-03T16:28:54.899Z" }
wheels = [
    { url = "https://files.pythonhosted.org/packages/ef/35/fd2385b15f6d814f1801bcbd3d54b4c61a1bfc3a1a0fe023dc15551c5fe4/robotframework-7.4.2-py3-none-any.whl", hash = "sha256:6e80f84cdc997bdde2abb6b729ac3531457ecf6d2e41abfb87a541877ab367bf", size = 807056, upload-time = "2026-03-03T16:28:51.638Z" },
]

[[package]]
name = "tabularix"
source = { editable = "." }

[package.dev-dependencies]
dev = [
    { name = "robotframework" },
]

[package.metadata]

[package.metadata.requires-dev]
dev = [{ name = "robotframework", specifier = ">=7.4.2" }]
